
Microsoft Visual Studio Solution File, Format Version 12.00
# Visual Studio Version 16
VisualStudioVersion = 16.0.30320.27
MinimumVisualStudioVersion = 10.0.40219.1
Project("{8BC9CEB8-8B4A-11D0-8D11-00A0C91BC942}") = "Sort_Algorithm", "Sort_Algorithm\Sort_Algorithm.vcxproj", "{288F76B2-F41F-4F3F-B7BD-0FAC7F79A6E9}"
EndProject
Global
	GlobalSection(SolutionConfigurationPlatforms) = preSolution
		Debug|x64 = Debug|x64
		Debug|x86 = Debug|x86
		Release|x64 = Release|x64
		Release|x86 = Release|x86
	EndGlobalSection
	GlobalSection(ProjectConfigurationPlatforms) = postSolution
		{288F76B2-F41F-4F3F-B7BD-0FAC7F79A6E9}.Debug|x64.ActiveCfg = Debug|x64
		{288F76B2-F41F-4F3F-B7BD-0FAC7F79A6E9}.Debug|x64.Build.0 = Debug|x64
		{288F76B2-F41F-4F3F-B7BD-0FAC7F79A6E9}.Debug|x86.ActiveCfg = Debug|Win32
		{288F76B2-F41F-4F3F-B7BD-0FAC7F79A6E9}.Debug|x86.Build.0 = Debug|Win32
		{288F76B2-F41F-4F3F-B7BD-0FAC7F79A6E9}.Release|x64.ActiveCfg = Release|x64
		{288F76B2-F41F-4F3F-B7BD-0FAC7F79A6E9}.Release|x64.Build.0 = Release|x64
		{288F76B2-F41F-4F3F-B7BD-0FAC7F79A6E9}.Release|x86.ActiveCfg = Release|Win32
		{288F76B2-F41F-4F3F-B7BD-0FAC7F79A6E9}.Release|x86.Build.0 = Release|Win32
	EndGlobalSection
	GlobalSection(SolutionProperties) = preSolution
		HideSolutionNode = FALSE
	EndGlobalSection
	GlobalSection(ExtensibilityGlobals) = postSolution
		SolutionGuid = {AAFB44E9-1785-43F4-9366-5711C37D9717}
	EndGlobalSection
EndGlobal
